
Microsoft Visual Studio Solution File, Format Version 12.00
# Visual Studio Version 17
VisualStudioVersion = 17.14.36518.9
MinimumVisualStudioVersion = 10.0.40219.1
Project("{FAE04EC0-301F-11D3-BF4B-00C04F79EFBC}") = "InvoiceManagement.API", "InvoiceManagement.API\InvoiceManagement.API.csproj", "{AC14A118-6DC4-42C0-93A7-A75EC40B0E49}"
EndProject
Project("{FAE04EC0-301F-11D3-BF4B-00C04F79EFBC}") = "InvoiceManagement.Web", "InvoiceManagement.Web\InvoiceManagement.Web.csproj", "{7DEA7489-3FAA-43CE-91E3-6AB05339AB16}"
EndProject
Project("{2150E333-8FDC-42A3-9474-1A3956D46DE8}") = "Solution Items", "Solution Items", "{8EC462FD-D22E-90A8-E5CE-7E832BA40C5D}"
	ProjectSection(SolutionItems) = preProject
		.gitignore = .gitignore
	EndProjectSection
EndProject
Global
	GlobalSection(SolutionConfigurationPlatforms) = preSolution
		Debug|Any CPU = Debug|Any CPU
		Release|Any CPU = Release|Any CPU
	EndGlobalSection
	GlobalSection(ProjectConfigurationPlatforms) = postSolution
		{AC14A118-6DC4-42C0-93A7-A75EC40B0E49}.Debug|Any CPU.ActiveCfg = Debug|Any CPU
		{AC14A118-6DC4-42C0-93A7-A75EC40B0E49}.Debug|Any CPU.Build.0 = Debug|Any CPU
		{AC14A118-6DC4-42C0-93A7-A75EC40B0E49}.Release|Any CPU.ActiveCfg = Release|Any CPU
		{AC14A118-6DC4-42C0-93A7-A75EC40B0E49}.Release|Any CPU.Build.0 = Release|Any CPU
		{7DEA7489-3FAA-43CE-91E3-6AB05339AB16}.Debug|Any CPU.ActiveCfg = Debug|Any CPU
		{7DEA7489-3FAA-43CE-91E3-6AB05339AB16}.Debug|Any CPU.Build.0 = Debug|Any CPU
		{7DEA7489-3FAA-43CE-91E3-6AB05339AB16}.Release|Any CPU.ActiveCfg = Release|Any CPU
		{7DEA7489-3FAA-43CE-91E3-6AB05339AB16}.Release|Any CPU.Build.0 = Release|Any CPU
	EndGlobalSection
	GlobalSection(SolutionProperties) = preSolution
		HideSolutionNode = FALSE
	EndGlobalSection
	GlobalSection(ExtensibilityGlobals) = postSolution
		SolutionGuid = {0A55F3F8-3836-4B4F-9C01-80BF69ADEB75}
	EndGlobalSection
EndGlobal
